
Microsoft Visual Studio Solution File, Format Version 12.00
# Visual Studio 15
VisualStudioVersion = 15.0.28307.271
MinimumVisualStudioVersion = 10.0.40219.1
Project("{9A19103F-16F7-4668-BE54-9A1E7A4F7556}") = "aspnet-angular-ssr-pwa", "aspnet-angular-ssr-pwa.csproj", "{71A90C8B-ACE3-4E82-85F8-423626C4B38D}"
EndProject
Global
	GlobalSection(SolutionConfigurationPlatforms) = preSolution
		Debug|Any CPU = Debug|Any CPU
		Release|Any CPU = Release|Any CPU
	EndGlobalSection
	GlobalSection(ProjectConfigurationPlatforms) = postSolution
		{71A90C8B-ACE3-4E82-85F8-423626C4B38D}.Debug|Any CPU.ActiveCfg = Debug|Any CPU
		{71A90C8B-ACE3-4E82-85F8-423626C4B38D}.Debug|Any CPU.Build.0 = Debug|Any CPU
		{71A90C8B-ACE3-4E82-85F8-423626C4B38D}.Release|Any CPU.ActiveCfg = Release|Any CPU
		{71A90C8B-ACE3-4E82-85F8-423626C4B38D}.Release|Any CPU.Build.0 = Release|Any CPU
	EndGlobalSection
	GlobalSection(SolutionProperties) = preSolution
		HideSolutionNode = FALSE
	EndGlobalSection
	GlobalSection(ExtensibilityGlobals) = postSolution
		SolutionGuid = {043AB41F-27D2-4E4D-A02A-658300D24E56}
	EndGlobalSection
EndGlobal
